
Microsoft Visual Studio Solution File, Format Version 12.00
# Visual Studio Version 17
VisualStudioVersion = 17.3.32811.315
MinimumVisualStudioVersion = 10.0.40219.1
Project("{8BC9CEB8-8B4A-11D0-8D11-00A0C91BC942}") = "Hands On Activity 2.2 Input Fields and Logical Operations", "Hands On Activity 2.2 Input Fields and Logical Operations\Hands On Activity 2.2 Input Fields and Logical Operations.vcxproj", "{995903B6-54F5-4B0F-88C5-39FDA8714BCB}"
EndProject
Global
	GlobalSection(SolutionConfigurationPlatforms) = preSolution
		Debug|x64 = Debug|x64
		Debug|x86 = Debug|x86
		Release|x64 = Release|x64
		Release|x86 = Release|x86
	EndGlobalSection
	GlobalSection(ProjectConfigurationPlatforms) = postSolution
		{995903B6-54F5-4B0F-88C5-39FDA8714BCB}.Debug|x64.ActiveCfg = Debug|x64
		{995903B6-54F5-4B0F-88C5-39FDA8714BCB}.Debug|x64.Build.0 = Debug|x64
		{995903B6-54F5-4B0F-88C5-39FDA8714BCB}.Debug|x86.ActiveCfg = Debug|Win32
		{995903B6-54F5-4B0F-88C5-39FDA8714BCB}.Debug|x86.Build.0 = Debug|Win32
		{995903B6-54F5-4B0F-88C5-39FDA8714BCB}.Release|x64.ActiveCfg = Release|x64
		{995903B6-54F5-4B0F-88C5-39FDA8714BCB}.Release|x64.Build.0 = Release|x64
		{995903B6-54F5-4B0F-88C5-39FDA8714BCB}.Release|x86.ActiveCfg = Release|Win32
		{995903B6-54F5-4B0F-88C5-39FDA8714BCB}.Release|x86.Build.0 = Release|Win32
	EndGlobalSection
	GlobalSection(SolutionProperties) = preSolution
		HideSolutionNode = FALSE
	EndGlobalSection
	GlobalSection(ExtensibilityGlobals) = postSolution
		SolutionGuid = {F7805182-BD1E-4BC1-8A53-456EDCE5AEE1}
	EndGlobalSection
EndGlobal
